
Microsoft Visual Studio Solution File, Format Version 12.00
# Visual Studio Version 17
VisualStudioVersion = 17.2.32516.85
MinimumVisualStudioVersion = 10.0.40219.1
Project("{FAE04EC0-301F-11D3-BF4B-00C04F79EFBC}") = "Lesson1", "Lesson1\Lesson1.csproj", "{E0D2A9FB-A5BD-4F51-A8CB-BE0B642C284B}"
EndProject
Global
	GlobalSection(SolutionConfigurationPlatforms) = preSolution
		Debug|Any CPU = Debug|Any CPU
		Release|Any CPU = Release|Any CPU
	EndGlobalSection
	GlobalSection(ProjectConfigurationPlatforms) = postSolution
		{E0D2A9FB-A5BD-4F51-A8CB-BE0B642C284B}.Debug|Any CPU.ActiveCfg = Debug|Any CPU
		{E0D2A9FB-A5BD-4F51-A8CB-BE0B642C284B}.Debug|Any CPU.Build.0 = Debug|Any CPU
		{E0D2A9FB-A5BD-4F51-A8CB-BE0B642C284B}.Release|Any CPU.ActiveCfg = Release|Any CPU
		{E0D2A9FB-A5BD-4F51-A8CB-BE0B642C284B}.Release|Any CPU.Build.0 = Release|Any CPU
	EndGlobalSection
	GlobalSection(SolutionProperties) = preSolution
		HideSolutionNode = FALSE
	EndGlobalSection
	GlobalSection(ExtensibilityGlobals) = postSolution
		SolutionGuid = {2CF19FD1-7AE8-4663-9F7D-14A32E33A5E5}
	EndGlobalSection
EndGlobal
