
Microsoft Visual Studio Solution File, Format Version 12.00
# Visual Studio Version 17
VisualStudioVersion = 17.2.32516.85
MinimumVisualStudioVersion = 10.0.40219.1
Project("{9A19103F-16F7-4668-BE54-9A1E7A4F7556}") = "EmployeeService", "EmployeeService\EmployeeService.csproj", "{A1B00D6A-C3F1-4A7E-9017-D4381D9F7563}"
EndProject
Project("{9A19103F-16F7-4668-BE54-9A1E7A4F7556}") = "EmployeeService.Data", "EmployeeService.Data\EmployeeService.Data.csproj", "{4BA34CF7-9F34-491B-8377-0BF9B250C7EA}"
EndProject
Project("{9A19103F-16F7-4668-BE54-9A1E7A4F7556}") = "JwtSample", "JwtSample\JwtSample.csproj", "{1FA68DE5-F7DB-4169-9216-3A1B7FDCAD80}"
EndProject
Project("{9A19103F-16F7-4668-BE54-9A1E7A4F7556}") = "AccountHelper", "AccountHelper\AccountHelper.csproj", "{2D135664-6370-4838-B744-41BAA3370A7F}"
EndProject
Global
	GlobalSection(SolutionConfigurationPlatforms) = preSolution
		Debug|Any CPU = Debug|Any CPU
		Release|Any CPU = Release|Any CPU
	EndGlobalSection
	GlobalSection(ProjectConfigurationPlatforms) = postSolution
		{A1B00D6A-C3F1-4A7E-9017-D4381D9F7563}.Debug|Any CPU.ActiveCfg = Debug|Any CPU
		{A1B00D6A-C3F1-4A7E-9017-D4381D9F7563}.Debug|Any CPU.Build.0 = Debug|Any CPU
		{A1B00D6A-C3F1-4A7E-9017-D4381D9F7563}.Release|Any CPU.ActiveCfg = Release|Any CPU
		{A1B00D6A-C3F1-4A7E-9017-D4381D9F7563}.Release|Any CPU.Build.0 = Release|Any CPU
		{4BA34CF7-9F34-491B-8377-0BF9B250C7EA}.Debug|Any CPU.ActiveCfg = Debug|Any CPU
		{4BA34CF7-9F34-491B-8377-0BF9B250C7EA}.Debug|Any CPU.Build.0 = Debug|Any CPU
		{4BA34CF7-9F34-491B-8377-0BF9B250C7EA}.Release|Any CPU.ActiveCfg = Release|Any CPU
		{4BA34CF7-9F34-491B-8377-0BF9B250C7EA}.Release|Any CPU.Build.0 = Release|Any CPU
		{1FA68DE5-F7DB-4169-9216-3A1B7FDCAD80}.Debug|Any CPU.ActiveCfg = Debug|Any CPU
		{1FA68DE5-F7DB-4169-9216-3A1B7FDCAD80}.Debug|Any CPU.Build.0 = Debug|Any CPU
		{1FA68DE5-F7DB-4169-9216-3A1B7FDCAD80}.Release|Any CPU.ActiveCfg = Release|Any CPU
		{1FA68DE5-F7DB-4169-9216-3A1B7FDCAD80}.Release|Any CPU.Build.0 = Release|Any CPU
		{2D135664-6370-4838-B744-41BAA3370A7F}.Debug|Any CPU.ActiveCfg = Debug|Any CPU
		{2D135664-6370-4838-B744-41BAA3370A7F}.Debug|Any CPU.Build.0 = Debug|Any CPU
		{2D135664-6370-4838-B744-41BAA3370A7F}.Release|Any CPU.ActiveCfg = Release|Any CPU
		{2D135664-6370-4838-B744-41BAA3370A7F}.Release|Any CPU.Build.0 = Release|Any CPU
	EndGlobalSection
	GlobalSection(SolutionProperties) = preSolution
		HideSolutionNode = FALSE
	EndGlobalSection
	GlobalSection(ExtensibilityGlobals) = postSolution
		SolutionGuid = {D7ED9B0F-2A7F-44AD-8362-3A77C19200B3}
	EndGlobalSection
EndGlobal
